
Microsoft Visual Studio Solution File, Format Version 12.00
# Visual Studio 15
VisualStudioVersion = 15.0.26124.0
MinimumVisualStudioVersion = 15.0.26124.0
Project("{9A19103F-16F7-4668-BE54-9A1E7A4F7556}") = "R5T.Costobocia.Standard.Construction", "R5T.Costobocia.Standard.Construction\R5T.Costobocia.Standard.Construction.csproj", "{C9A08D69-CA89-44D6-B7AD-46BFBAC97A3F}"
EndProject
Project("{9A19103F-16F7-4668-BE54-9A1E7A4F7556}") = "R5T.Costobocia.Standard", "R5T.Costobocia.Standard\R5T.Costobocia.Standard.csproj", "{22DBF300-493C-4D70-889D-F863FBC98B76}"
EndProject
Project("{9A19103F-16F7-4668-BE54-9A1E7A4F7556}") = "R5T.Costobocia.Standard.Testing", "R5T.Costobocia.Standard.Testing\R5T.Costobocia.Standard.Testing.csproj", "{7FDB16DC-A0C9-45C4-B7C0-6882EB55C7D5}"
EndProject
Project("{2150E333-8FDC-42A3-9474-1A3956D46DE8}") = "_Dependencies", "_Dependencies", "{CF42C911-5265-4427-AF1A-6EC13DF651C7}"
EndProject
Project("{9A19103F-16F7-4668-BE54-9A1E7A4F7556}") = "R5T.Costobocia.Default", "..\..\R5T.Costobocia.Default\source\R5T.Costobocia.Default\R5T.Costobocia.Default.csproj", "{C5B9A52E-204A-4745-8AAA-998B5BABEF1F}"
EndProject
Project("{9A19103F-16F7-4668-BE54-9A1E7A4F7556}") = "R5T.Costobocia.Base", "..\..\R5T.Costobocia.Base\source\R5T.Costobocia.Base\R5T.Costobocia.Base.csproj", "{686E2F81-9D52-4342-895A-A01A9AC6F472}"
EndProject
Project("{9A19103F-16F7-4668-BE54-9A1E7A4F7556}") = "R5T.Ostrogothia", "..\..\R5T.Ostrogothia\source\R5T.Ostrogothia\R5T.Ostrogothia.csproj", "{4F4B7416-D30F-48A3-B261-A43CFBA81615}"
EndProject
Project("{9A19103F-16F7-4668-BE54-9A1E7A4F7556}") = "R5T.Dacia.Extensions", "..\..\R5T.Dacia.Extensions\source\R5T.Dacia.Extensions\R5T.Dacia.Extensions.csproj", "{489D70B2-CBC5-4C55-BF9E-4971CED5928D}"
EndProject
Project("{9A19103F-16F7-4668-BE54-9A1E7A4F7556}") = "R5T.Dacia", "..\..\R5T.Dacia\source\R5T.Dacia\R5T.Dacia.csproj", "{A0FC44B8-8DBA-4FFA-BEBF-B730710998E2}"
EndProject
Project("{9A19103F-16F7-4668-BE54-9A1E7A4F7556}") = "R5T.Lombardy.Base", "..\..\R5T.Lombardy.Base\source\R5T.Lombardy.Base\R5T.Lombardy.Base.csproj", "{07B1E5F8-BE6E-4C86-B18B-1CB57EA960C5}"
EndProject
Project("{9A19103F-16F7-4668-BE54-9A1E7A4F7556}") = "R5T.Lombardy.Standard", "..\..\R5T.Lombardy.Standard\source\R5T.Lombardy.Standard\R5T.Lombardy.Standard.csproj", "{03401A32-4982-44D8-A3BB-6084B75B07A6}"
EndProject
Project("{9A19103F-16F7-4668-BE54-9A1E7A4F7556}") = "R5T.Lombardy", "..\..\R5T.Lombardy\source\R5T.Lombardy\R5T.Lombardy.csproj", "{0422B300-99B4-4905-9F58-80D957FD3135}"
EndProject
Project("{9A19103F-16F7-4668-BE54-9A1E7A4F7556}") = "R5T.Cherusci", "..\..\R5T.Cherusci\source\R5T.Cherusci\R5T.Cherusci.csproj", "{12B1B53C-253B-448E-9A8E-B3962172ADF4}"
EndProject
Project("{9A19103F-16F7-4668-BE54-9A1E7A4F7556}") = "R5T.Magyar", "..\..\R5T.Magyar\source\R5T.Magyar\R5T.Magyar.csproj", "{160A07EA-8DF9-42FE-8127-99AB7B64D2CC}"
EndProject
Project("{9A19103F-16F7-4668-BE54-9A1E7A4F7556}") = "R5T.Rugia", "..\..\R5T.Rugia\source\R5T.Rugia\R5T.Rugia.csproj", "{CE64F29B-2D34-40BE-8930-805F2BEF1444}"
EndProject
Project("{9A19103F-16F7-4668-BE54-9A1E7A4F7556}") = "R5T.Rugia.Base", "..\..\R5T.Rugia.Base\source\R5T.Rugia.Base\R5T.Rugia.Base.csproj", "{8AF29413-EF9D-429A-A6DB-6ED4DDC26828}"
EndProject
Global
	GlobalSection(SolutionConfigurationPlatforms) = preSolution
		Debug|Any CPU = Debug|Any CPU
		Debug|x64 = Debug|x64
		Debug|x86 = Debug|x86
		Release|Any CPU = Release|Any CPU
		Release|x64 = Release|x64
		Release|x86 = Release|x86
	EndGlobalSection
	GlobalSection(ProjectConfigurationPlatforms) = postSolution
		{C9A08D69-CA89-44D6-B7AD-46BFBAC97A3F}.Debug|Any CPU.ActiveCfg = Debug|Any CPU
		{C9A08D69-CA89-44D6-B7AD-46BFBAC97A3F}.Debug|Any CPU.Build.0 = Debug|Any CPU
		{C9A08D69-CA89-44D6-B7AD-46BFBAC97A3F}.Debug|x64.ActiveCfg = Debug|Any CPU
		{C9A08D69-CA89-44D6-B7AD-46BFBAC97A3F}.Debug|x64.Build.0 = Debug|Any CPU
		{C9A08D69-CA89-44D6-B7AD-46BFBAC97A3F}.Debug|x86.ActiveCfg = Debug|Any CPU
		{C9A08D69-CA89-44D6-B7AD-46BFBAC97A3F}.Debug|x86.Build.0 = Debug|Any CPU
		{C9A08D69-CA89-44D6-B7AD-46BFBAC97A3F}.Release|Any CPU.ActiveCfg = Release|Any CPU
		{C9A08D69-CA89-44D6-B7AD-46BFBAC97A3F}.Release|Any CPU.Build.0 = Release|Any CPU
		{C9A08D69-CA89-44D6-B7AD-46BFBAC97A3F}.Release|x64.ActiveCfg = Release|Any CPU
		{C9A08D69-CA89-44D6-B7AD-46BFBAC97A3F}.Release|x64.Build.0 = Release|Any CPU
		{C9A08D69-CA89-44D6-B7AD-46BFBAC97A3F}.Release|x86.ActiveCfg = Release|Any CPU
		{C9A08D69-CA89-44D6-B7AD-46BFBAC97A3F}.Release|x86.Build.0 = Release|Any CPU
		{22DBF300-493C-4D70-889D-F863FBC98B76}.Debug|Any CPU.ActiveCfg = Debug|Any CPU
		{22DBF300-493C-4D70-889D-F863FBC98B76}.Debug|Any CPU.Build.0 = Debug|Any CPU
		{22DBF300-493C-4D70-889D-F863FBC98B76}.Debug|x64.ActiveCfg = Debug|Any CPU
		{22DBF300-493C-4D70-889D-F863FBC98B76}.Debug|x64.Build.0 = Debug|Any CPU
		{22DBF300-493C-4D70-889D-F863FBC98B76}.Debug|x86.ActiveCfg = Debug|Any CPU
		{22DBF300-493C-4D70-889D-F863FBC98B76}.Debug|x86.Build.0 = Debug|Any CPU
		{22DBF300-493C-4D70-889D-F863FBC98B76}.Release|Any CPU.ActiveCfg = Release|Any CPU
		{22DBF300-493C-4D70-889D-F863FBC98B76}.Release|Any CPU.Build.0 = Release|Any CPU
		{22DBF300-493C-4D70-889D-F863FBC98B76}.Release|x64.ActiveCfg = Release|Any CPU
		{22DBF300-493C-4D70-889D-F863FBC98B76}.Release|x64.Build.0 = Release|Any CPU
		{22DBF300-493C-4D70-889D-F863FBC98B76}.Release|x86.ActiveCfg = Release|Any CPU
		{22DBF300-493C-4D70-889D-F863FBC98B76}.Release|x86.Build.0 = Release|Any CPU
		{7FDB16DC-A0C9-45C4-B7C0-6882EB55C7D5}.Debug|Any CPU.ActiveCfg = Debug|Any CPU
		{7FDB16DC-A0C9-45C4-B7C0-6882EB55C7D5}.Debug|Any CPU.Build.0 = Debug|Any CPU
		{7FDB16DC-A0C9-45C4-B7C0-6882EB55C7D5}.Debug|x64.ActiveCfg = Debug|Any CPU
		{7FDB16DC-A0C9-45C4-B7C0-6882EB55C7D5}.Debug|x64.Build.0 = Debug|Any CPU
		{7FDB16DC-A0C9-45C4-B7C0-6882EB55C7D5}.Debug|x86.ActiveCfg = Debug|Any CPU
		{7FDB16DC-A0C9-45C4-B7C0-6882EB55C7D5}.Debug|x86.Build.0 = Debug|Any CPU
		{7FDB16DC-A0C9-45C4-B7C0-6882EB55C7D5}.Release|Any CPU.ActiveCfg = Release|Any CPU
		{7FDB16DC-A0C9-45C4-B7C0-6882EB55C7D5}.Release|Any CPU.Build.0 = Release|Any CPU
		{7FDB16DC-A0C9-45C4-B7C0-6882EB55C7D5}.Release|x64.ActiveCfg = Release|Any CPU
		{7FDB16DC-A0C9-45C4-B7C0-6882EB55C7D5}.Release|x64.Build.0 = Release|Any CPU
		{7FDB16DC-A0C9-45C4-B7C0-6882EB55C7D5}.Release|x86.ActiveCfg = Release|Any CPU
		{7FDB16DC-A0C9-45C4-B7C0-6882EB55C7D5}.Release|x86.Build.0 = Release|Any CPU
		{C5B9A52E-204A-4745-8AAA-998B5BABEF1F}.Debug|Any CPU.ActiveCfg = Debug|Any CPU
		{C5B9A52E-204A-4745-8AAA-998B5BABEF1F}.Debug|Any CPU.Build.0 = Debug|Any CPU
		{C5B9A52E-204A-4745-8AAA-998B5BABEF1F}.Debug|x64.ActiveCfg = Debug|Any CPU
		{C5B9A52E-204A-4745-8AAA-998B5BABEF1F}.Debug|x64.Build.0 = Debug|Any CPU
		{C5B9A52E-204A-4745-8AAA-998B5BABEF1F}.Debug|x86.ActiveCfg = Debug|Any CPU
		{C5B9A52E-204A-4745-8AAA-998B5BABEF1F}.Debug|x86.Build.0 = Debug|Any CPU
		{C5B9A52E-204A-4745-8AAA-998B5BABEF1F}.Release|Any CPU.ActiveCfg = Release|Any CPU
		{C5B9A52E-204A-4745-8AAA-998B5BABEF1F}.Release|Any CPU.Build.0 = Release|Any CPU
		{C5B9A52E-204A-4745-8AAA-998B5BABEF1F}.Release|x64.ActiveCfg = Release|Any CPU
		{C5B9A52E-204A-4745-8AAA-998B5BABEF1F}.Release|x64.Build.0 = Release|Any CPU
		{C5B9A52E-204A-4745-8AAA-998B5BABEF1F}.Release|x86.ActiveCfg = Release|Any CPU
		{C5B9A52E-204A-4745-8AAA-998B5BABEF1F}.Release|x86.Build.0 = Release|Any CPU
		{686E2F81-9D52-4342-895A-A01A9AC6F472}.Debug|Any CPU.ActiveCfg = Debug|Any CPU
		{686E2F81-9D52-4342-895A-A01A9AC6F472}.Debug|Any CPU.Build.0 = Debug|Any CPU
		{686E2F81-9D52-4342-895A-A01A9AC6F472}.Debug|x64.ActiveCfg = Debug|Any CPU
		{686E2F81-9D52-4342-895A-A01A9AC6F472}.Debug|x64.Build.0 = Debug|Any CPU
		{686E2F81-9D52-4342-895A-A01A9AC6F472}.Debug|x86.ActiveCfg = Debug|Any CPU
		{686E2F81-9D52-4342-895A-A01A9AC6F472}.Debug|x86.Build.0 = Debug|Any CPU
		{686E2F81-9D52-4342-895A-A01A9AC6F472}.Release|Any CPU.ActiveCfg = Release|Any CPU
		{686E2F81-9D52-4342-895A-A01A9AC6F472}.Release|Any CPU.Build.0 = Release|Any CPU
		{686E2F81-9D52-4342-895A-A01A9AC6F472}.Release|x64.ActiveCfg = Release|Any CPU
		{686E2F81-9D52-4342-895A-A01A9AC6F472}.Release|x64.Build.0 = Release|Any CPU
		{686E2F81-9D52-4342-895A-A01A9AC6F472}.Release|x86.ActiveCfg = Release|Any CPU
		{686E2F81-9D52-4342-895A-A01A9AC6F472}.Release|x86.Build.0 = Release|Any CPU
		{4F4B7416-D30F-48A3-B261-A43CFBA81615}.Debug|Any CPU.ActiveCfg = Debug|Any CPU
		{4F4B7416-D30F-48A3-B261-A43CFBA81615}.Debug|Any CPU.Build.0 = Debug|Any CPU
		{4F4B7416-D30F-48A3-B261-A43CFBA81615}.Debug|x64.ActiveCfg = Debug|Any CPU
		{4F4B7416-D30F-48A3-B261-A43CFBA81615}.Debug|x64.Build.0 = Debug|Any CPU
		{4F4B7416-D30F-48A3-B261-A43CFBA81615}.Debug|x86.ActiveCfg = Debug|Any CPU
		{4F4B7416-D30F-48A3-B261-A43CFBA81615}.Debug|x86.Build.0 = Debug|Any CPU
		{4F4B7416-D30F-48A3-B261-A43CFBA81615}.Release|Any CPU.ActiveCfg = Release|Any CPU
		{4F4B7416-D30F-48A3-B261-A43CFBA81615}.Release|Any CPU.Build.0 = Release|Any CPU
		{4F4B7416-D30F-48A3-B261-A43CFBA81615}.Release|x64.ActiveCfg = Release|Any CPU
		{4F4B7416-D30F-48A3-B261-A43CFBA81615}.Release|x64.Build.0 = Release|Any CPU
		{4F4B7416-D30F-48A3-B261-A43CFBA81615}.Release|x86.ActiveCfg = Release|Any CPU
		{4F4B7416-D30F-48A3-B261-A43CFBA81615}.Release|x86.Build.0 = Release|Any CPU
		{489D70B2-CBC5-4C55-BF9E-4971CED5928D}.Debug|Any CPU.ActiveCfg = Debug|Any CPU
		{489D70B2-CBC5-4C55-BF9E-4971CED5928D}.Debug|Any CPU.Build.0 = Debug|Any CPU
		{489D70B2-CBC5-4C55-BF9E-4971CED5928D}.Debug|x64.ActiveCfg = Debug|Any CPU
		{489D70B2-CBC5-4C55-BF9E-4971CED5928D}.Debug|x64.Build.0 = Debug|Any CPU
		{489D70B2-CBC5-4C55-BF9E-4971CED5928D}.Debug|x86.ActiveCfg = Debug|Any CPU
		{489D70B2-CBC5-4C55-BF9E-4971CED5928D}.Debug|x86.Build.0 = Debug|Any CPU
		{489D70B2-CBC5-4C55-BF9E-4971CED5928D}.Release|Any CPU.ActiveCfg = Release|Any CPU
		{489D70B2-CBC5-4C55-BF9E-4971CED5928D}.Release|Any CPU.Build.0 = Release|Any CPU
		{489D70B2-CBC5-4C55-BF9E-4971CED5928D}.Release|x64.ActiveCfg = Release|Any CPU
		{489D70B2-CBC5-4C55-BF9E-4971CED5928D}.Release|x64.Build.0 = Release|Any CPU
		{489D70B2-CBC5-4C55-BF9E-4971CED5928D}.Release|x86.ActiveCfg = Release|Any CPU
		{489D70B2-CBC5-4C55-BF9E-4971CED5928D}.Release|x86.Build.0 = Release|Any CPU
		{A0FC44B8-8DBA-4FFA-BEBF-B730710998E2}.Debug|Any CPU.ActiveCfg = Debug|Any CPU
		{A0FC44B8-8DBA-4FFA-BEBF-B730710998E2}.Debug|Any CPU.Build.0 = Debug|Any CPU
		{A0FC44B8-8DBA-4FFA-BEBF-B730710998E2}.Debug|x64.ActiveCfg = Debug|Any CPU
		{A0FC44B8-8DBA-4FFA-BEBF-B730710998E2}.Debug|x64.Build.0 = Debug|Any CPU
		{A0FC44B8-8DBA-4FFA-BEBF-B730710998E2}.Debug|x86.ActiveCfg = Debug|Any CPU
		{A0FC44B8-8DBA-4FFA-BEBF-B730710998E2}.Debug|x86.Build.0 = Debug|Any CPU
		{A0FC44B8-8DBA-4FFA-BEBF-B730710998E2}.Release|Any CPU.ActiveCfg = Release|Any CPU
		{A0FC44B8-8DBA-4FFA-BEBF-B730710998E2}.Release|Any CPU.Build.0 = Release|Any CPU
		{A0FC44B8-8DBA-4FFA-BEBF-B730710998E2}.Release|x64.ActiveCfg = Release|Any CPU
		{A0FC44B8-8DBA-4FFA-BEBF-B730710998E2}.Release|x64.Build.0 = Release|Any CPU
		{A0FC44B8-8DBA-4FFA-BEBF-B730710998E2}.Release|x86.ActiveCfg = Release|Any CPU
		{A0FC44B8-8DBA-4FFA-BEBF-B730710998E2}.Release|x86.Build.0 = Release|Any CPU
		{07B1E5F8-BE6E-4C86-B18B-1CB57EA960C5}.Debug|Any CPU.ActiveCfg = Debug|Any CPU
		{07B1E5F8-BE6E-4C86-B18B-1CB57EA960C5}.Debug|Any CPU.Build.0 = Debug|Any CPU
		{07B1E5F8-BE6E-4C86-B18B-1CB57EA960C5}.Debug|x64.ActiveCfg = Debug|Any CPU
		{07B1E5F8-BE6E-4C86-B18B-1CB57EA960C5}.Debug|x64.Build.0 = Debug|Any CPU
		{07B1E5F8-BE6E-4C86-B18B-1CB57EA960C5}.Debug|x86.ActiveCfg = Debug|Any CPU
		{07B1E5F8-BE6E-4C86-B18B-1CB57EA960C5}.Debug|x86.Build.0 = Debug|Any CPU
		{07B1E5F8-BE6E-4C86-B18B-1CB57EA960C5}.Release|Any CPU.ActiveCfg = Release|Any CPU
		{07B1E5F8-BE6E-4C86-B18B-1CB57EA960C5}.Release|Any CPU.Build.0 = Release|Any CPU
		{07B1E5F8-BE6E-4C86-B18B-1CB57EA960C5}.Release|x64.ActiveCfg = Release|Any CPU
		{07B1E5F8-BE6E-4C86-B18B-1CB57EA960C5}.Release|x64.Build.0 = Release|Any CPU
		{07B1E5F8-BE6E-4C86-B18B-1CB57EA960C5}.Release|x86.ActiveCfg = Release|Any CPU
		{07B1E5F8-BE6E-4C86-B18B-1CB57EA960C5}.Release|x86.Build.0 = Release|Any CPU
		{03401A32-4982-44D8-A3BB-6084B75B07A6}.Debug|Any CPU.ActiveCfg = Debug|Any CPU
		{03401A32-4982-44D8-A3BB-6084B75B07A6}.Debug|Any CPU.Build.0 = Debug|Any CPU
		{03401A32-4982-44D8-A3BB-6084B75B07A6}.Debug|x64.ActiveCfg = Debug|Any CPU
		{03401A32-4982-44D8-A3BB-6084B75B07A6}.Debug|x64.Build.0 = Debug|Any CPU
		{03401A32-4982-44D8-A3BB-6084B75B07A6}.Debug|x86.ActiveCfg = Debug|Any CPU
		{03401A32-4982-44D8-A3BB-6084B75B07A6}.Debug|x86.Build.0 = Debug|Any CPU
		{03401A32-4982-44D8-A3BB-6084B75B07A6}.Release|Any CPU.ActiveCfg = Release|Any CPU
		{03401A32-4982-44D8-A3BB-6084B75B07A6}.Release|Any CPU.Build.0 = Release|Any CPU
		{03401A32-4982-44D8-A3BB-6084B75B07A6}.Release|x64.ActiveCfg = Release|Any CPU
		{03401A32-4982-44D8-A3BB-6084B75B07A6}.Release|x64.Build.0 = Release|Any CPU
		{03401A32-4982-44D8-A3BB-6084B75B07A6}.Release|x86.ActiveCfg = Release|Any CPU
		{03401A32-4982-44D8-A3BB-6084B75B07A6}.Release|x86.Build.0 = Release|Any CPU
		{0422B300-99B4-4905-9F58-80D957FD3135}.Debug|Any CPU.ActiveCfg = Debug|Any CPU
		{0422B300-99B4-4905-9F58-80D957FD3135}.Debug|Any CPU.Build.0 = Debug|Any CPU
		{0422B300-99B4-4905-9F58-80D957FD3135}.Debug|x64.ActiveCfg = Debug|Any CPU
		{0422B300-99B4-4905-9F58-80D957FD3135}.Debug|x64.Build.0 = Debug|Any CPU
		{0422B300-99B4-4905-9F58-80D957FD3135}.Debug|x86.ActiveCfg = Debug|Any CPU
		{0422B300-99B4-4905-9F58-80D957FD3135}.Debug|x86.Build.0 = Debug|Any CPU
		{0422B300-99B4-4905-9F58-80D957FD3135}.Release|Any CPU.ActiveCfg = Release|Any CPU
		{0422B300-99B4-4905-9F58-80D957FD3135}.Release|Any CPU.Build.0 = Release|Any CPU
		{0422B300-99B4-4905-9F58-80D957FD3135}.Release|x64.ActiveCfg = Release|Any CPU
		{0422B300-99B4-4905-9F58-80D957FD3135}.Release|x64.Build.0 = Release|Any CPU
		{0422B300-99B4-4905-9F58-80D957FD3135}.Release|x86.ActiveCfg = Release|Any CPU
		{0422B300-99B4-4905-9F58-80D957FD3135}.Release|x86.Build.0 = Release|Any CPU
		{12B1B53C-253B-448E-9A8E-B3962172ADF4}.Debug|Any CPU.ActiveCfg = Debug|Any CPU
		{12B1B53C-253B-448E-9A8E-B3962172ADF4}.Debug|Any CPU.Build.0 = Debug|Any CPU
		{12B1B53C-253B-448E-9A8E-B3962172ADF4}.Debug|x64.ActiveCfg = Debug|Any CPU
		{12B1B53C-253B-448E-9A8E-B3962172ADF4}.Debug|x64.Build.0 = Debug|Any CPU
		{12B1B53C-253B-448E-9A8E-B3962172ADF4}.Debug|x86.ActiveCfg = Debug|Any CPU
		{12B1B53C-253B-448E-9A8E-B3962172ADF4}.Debug|x86.Build.0 = Debug|Any CPU
		{12B1B53C-253B-448E-9A8E-B3962172ADF4}.Release|Any CPU.ActiveCfg = Release|Any CPU
		{12B1B53C-253B-448E-9A8E-B3962172ADF4}.Release|Any CPU.Build.0 = Release|Any CPU
		{12B1B53C-253B-448E-9A8E-B3962172ADF4}.Release|x64.ActiveCfg = Release|Any CPU
		{12B1B53C-253B-448E-9A8E-B3962172ADF4}.Release|x64.Build.0 = Release|Any CPU
		{12B1B53C-253B-448E-9A8E-B3962172ADF4}.Release|x86.ActiveCfg = Release|Any CPU
		{12B1B53C-253B-448E-9A8E-B3962172ADF4}.Release|x86.Build.0 = Release|Any CPU
		{160A07EA-8DF9-42FE-8127-99AB7B64D2CC}.Debug|Any CPU.ActiveCfg = Debug|Any CPU
		{160A07EA-8DF9-42FE-8127-99AB7B64D2CC}.Debug|Any CPU.Build.0 = Debug|Any CPU
		{160A07EA-8DF9-42FE-8127-99AB7B64D2CC}.Debug|x64.ActiveCfg = Debug|Any CPU
		{160A07EA-8DF9-42FE-8127-99AB7B64D2CC}.Debug|x64.Build.0 = Debug|Any CPU
		{160A07EA-8DF9-42FE-8127-99AB7B64D2CC}.Debug|x86.ActiveCfg = Debug|Any CPU
		{160A07EA-8DF9-42FE-8127-99AB7B64D2CC}.Debug|x86.Build.0 = Debug|Any CPU
		{160A07EA-8DF9-42FE-8127-99AB7B64D2CC}.Release|Any CPU.ActiveCfg = Release|Any CPU
		{160A07EA-8DF9-42FE-8127-99AB7B64D2CC}.Release|Any CPU.Build.0 = Release|Any CPU
		{160A07EA-8DF9-42FE-8127-99AB7B64D2CC}.Release|x64.ActiveCfg = Release|Any CPU
		{160A07EA-8DF9-42FE-8127-99AB7B64D2CC}.Release|x64.Build.0 = Release|Any CPU
		{160A07EA-8DF9-42FE-8127-99AB7B64D2CC}.Release|x86.ActiveCfg = Release|Any CPU
		{160A07EA-8DF9-42FE-8127-99AB7B64D2CC}.Release|x86.Build.0 = Release|Any CPU
		{CE64F29B-2D34-40BE-8930-805F2BEF1444}.Debug|Any CPU.ActiveCfg = Debug|Any CPU
		{CE64F29B-2D34-40BE-8930-805F2BEF1444}.Debug|Any CPU.Build.0 = Debug|Any CPU
		{CE64F29B-2D34-40BE-8930-805F2BEF1444}.Debug|x64.ActiveCfg = Debug|Any CPU
		{CE64F29B-2D34-40BE-8930-805F2BEF1444}.Debug|x64.Build.0 = Debug|Any CPU
		{CE64F29B-2D34-40BE-8930-805F2BEF1444}.Debug|x86.ActiveCfg = Debug|Any CPU
		{CE64F29B-2D34-40BE-8930-805F2BEF1444}.Debug|x86.Build.0 = Debug|Any CPU
		{CE64F29B-2D34-40BE-8930-805F2BEF1444}.Release|Any CPU.ActiveCfg = Release|Any CPU
		{CE64F29B-2D34-40BE-8930-805F2BEF1444}.Release|Any CPU.Build.0 = Release|Any CPU
		{CE64F29B-2D34-40BE-8930-805F2BEF1444}.Release|x64.ActiveCfg = Release|Any CPU
		{CE64F29B-2D34-40BE-8930-805F2BEF1444}.Release|x64.Build.0 = Release|Any CPU
		{CE64F29B-2D34-40BE-8930-805F2BEF1444}.Release|x86.ActiveCfg = Release|Any CPU
		{CE64F29B-2D34-40BE-8930-805F2BEF1444}.Release|x86.Build.0 = Release|Any CPU
		{8AF29413-EF9D-429A-A6DB-6ED4DDC26828}.Debug|Any CPU.ActiveCfg = Debug|Any CPU
		{8AF29413-EF9D-429A-A6DB-6ED4DDC26828}.Debug|Any CPU.Build.0 = Debug|Any CPU
		{8AF29413-EF9D-429A-A6DB-6ED4DDC26828}.Debug|x64.ActiveCfg = Debug|Any CPU
		{8AF29413-EF9D-429A-A6DB-6ED4DDC26828}.Debug|x64.Build.0 = Debug|Any CPU
		{8AF29413-EF9D-429A-A6DB-6ED4DDC26828}.Debug|x86.ActiveCfg = Debug|Any CPU
		{8AF29413-EF9D-429A-A6DB-6ED4DDC26828}.Debug|x86.Build.0 = Debug|Any CPU
		{8AF29413-EF9D-429A-A6DB-6ED4DDC26828}.Release|Any CPU.ActiveCfg = Release|Any CPU
		{8AF29413-EF9D-429A-A6DB-6ED4DDC26828}.Release|Any CPU.Build.0 = Release|Any CPU
		{8AF29413-EF9D-429A-A6DB-6ED4DDC26828}.Release|x64.ActiveCfg = Release|Any CPU
		{8AF29413-EF9D-429A-A6DB-6ED4DDC26828}.Release|x64.Build.0 = Release|Any CPU
		{8AF29413-EF9D-429A-A6DB-6ED4DDC26828}.Release|x86.ActiveCfg = Release|Any CPU
		{8AF29413-EF9D-429A-A6DB-6ED4DDC26828}.Release|x86.Build.0 = Release|Any CPU
	EndGlobalSection
	GlobalSection(SolutionProperties) = preSolution
		HideSolutionNode = FALSE
	EndGlobalSection
	GlobalSection(NestedProjects) = preSolution
		{C5B9A52E-204A-4745-8AAA-998B5BABEF1F} = {CF42C911-5265-4427-AF1A-6EC13DF651C7}
		{686E2F81-9D52-4342-895A-A01A9AC6F472} = {CF42C911-5265-4427-AF1A-6EC13DF651C7}
		{4F4B7416-D30F-48A3-B261-A43CFBA81615} = {CF42C911-5265-4427-AF1A-6EC13DF651C7}
		{489D70B2-CBC5-4C55-BF9E-4971CED5928D} = {CF42C911-5265-4427-AF1A-6EC13DF651C7}
		{A0FC44B8-8DBA-4FFA-BEBF-B730710998E2} = {CF42C911-5265-4427-AF1A-6EC13DF651C7}
		{07B1E5F8-BE6E-4C86-B18B-1CB57EA960C5} = {CF42C911-5265-4427-AF1A-6EC13DF651C7}
		{03401A32-4982-44D8-A3BB-6084B75B07A6} = {CF42C911-5265-4427-AF1A-6EC13DF651C7}
		{0422B300-99B4-4905-9F58-80D957FD3135} = {CF42C911-5265-4427-AF1A-6EC13DF651C7}
		{12B1B53C-253B-448E-9A8E-B3962172ADF4} = {CF42C911-5265-4427-AF1A-6EC13DF651C7}
		{160A07EA-8DF9-42FE-8127-99AB7B64D2CC} = {CF42C911-5265-4427-AF1A-6EC13DF651C7}
		{CE64F29B-2D34-40BE-8930-805F2BEF1444} = {CF42C911-5265-4427-AF1A-6EC13DF651C7}
		{8AF29413-EF9D-429A-A6DB-6ED4DDC26828} = {CF42C911-5265-4427-AF1A-6EC13DF651C7}
	EndGlobalSection
	GlobalSection(ExtensibilityGlobals) = postSolution
		SolutionGuid = {58EEE2E2-7DD2-4123-B5D5-39E7E7453274}
	EndGlobalSection
EndGlobal
